<?xml version="1.0" encoding="utf-8"?>
<Project ToolsVersion="4.0" xmlns="http://schemas.microsoft.com/developer/msbuild/2003">
  <ItemGroup>
    <Filter Include="Utils">
      <UniqueIdentifier>{67DA6AB6-F800-4c08-8B7A-83BB121AAD01}</UniqueIdentifier>
      <Extensions>rc;ico;cur;bmp;dlg;rc2;rct;bin;rgs;gif;jpg;jpeg;jpe;resx;tiff;tif;png;wav;mfcribbon-ms</Extensions>
    </Filter>
    <Filter Include="Main">
      <UniqueIdentifier>{4FC737F1-C7A5-4376-A066-2A32D752A2FF}</UniqueIdentifier>
      <Extensions>cpp;c;cc;cxx;def;odl;idl;hpj;bat;asm;asmx</Extensions>
    </Filter>
  </ItemGroup>
  <ItemGroup>
    <Text Include="ReadMe.txt" />
  </ItemGroup>
  <ItemGroup>
    <ClInclude Include="stdafx.h">
      <Filter>Main</Filter>
    </ClInclude>
    <ClInclude Include="targetver.h">
      <Filter>Main</Filter>
    </ClInclude>
    <ClInclude Include="Exception.h">
      <Filter>Utils</Filter>
    </ClInclude>
    <ClInclude Include="EduServer_IOCP.h">
      <Filter>Main</Filter>
    </ClInclude>
    <ClInclude Include="ClientSession.h">
      <Filter>Main</Filter>
    </ClInclude>
    <ClInclude Include="SessionManager.h">
      <Filter>Main</Filter>
    </ClInclude>
    <ClInclude Include="IocpManager.h">
      <Filter>Main</Filter>
    </ClInclude>
    <ClInclude Include="FastSpinlock.h">
      <Filter>Utils</Filter>
    </ClInclude>
  </ItemGroup>
  <ItemGroup>
    <ClCompile Include="stdafx.cpp">
      <Filter>Main</Filter>
    </ClCompile>
    <ClCompile Include="EduServer_IOCP.cpp">
      <Filter>Main</Filter>
    </ClCompile>
    <ClCompile Include="Exception.cpp">
      <Filter>Utils</Filter>
    </ClCompile>
    <ClCompile Include="ClientSession.cpp">
      <Filter>Main</Filter>
    </ClCompile>
    <ClCompile Include="SessionManager.cpp">
      <Filter>Main</Filter>
    </ClCompile>
    <ClCompile Include="IocpManager.cpp">
      <Filter>Main</Filter>
    </ClCompile>
    <ClCompile Include="FastSpinlock.cpp">
      <Filter>Utils</Filter>
    </ClCompile>
  </ItemGroup>
</Project>