<?xml version="1.0" encoding="utf-8"?>
<Project ToolsVersion="4.0" xmlns="http://schemas.microsoft.com/developer/msbuild/2003">
  <ItemGroup>
    <Filter Include="Main">
      <UniqueIdentifier>{4FC737F1-C7A5-4376-A066-2A32D752A2FF}</UniqueIdentifier>
      <Extensions>cpp;c;cc;cxx;def;odl;idl;hpj;bat;asm;asmx</Extensions>
    </Filter>
    <Filter Include="Utils">
      <UniqueIdentifier>{93995380-89BD-4b04-88EB-625FBE52EBFB}</UniqueIdentifier>
      <Extensions>h;hh;hpp;hxx;hm;inl;inc;xsd</Extensions>
    </Filter>
    <Filter Include="Protobuf">
      <UniqueIdentifier>{22195b3d-7a73-46aa-a9de-b7b30eb960e8}</UniqueIdentifier>
    </Filter>
  </ItemGroup>
  <ItemGroup>
    <Text Include="ReadMe.txt" />
  </ItemGroup>
  <ItemGroup>
    <ClInclude Include="targetver.h">
      <Filter>Main</Filter>
    </ClInclude>
    <ClInclude Include="stdafx.h">
      <Filter>Main</Filter>
    </ClInclude>
    <ClInclude Include="CircularBuffer.h">
      <Filter>Utils</Filter>
    </ClInclude>
    <ClInclude Include="Exception.h">
      <Filter>Utils</Filter>
    </ClInclude>
    <ClInclude Include="FastSpinlock.h">
      <Filter>Utils</Filter>
    </ClInclude>
    <ClInclude Include="Log.h">
      <Filter>Utils</Filter>
    </ClInclude>
    <ClInclude Include="ObjectPool.h">
      <Filter>Utils</Filter>
    </ClInclude>
    <ClInclude Include="ThreadLocal.h">
      <Filter>Utils</Filter>
    </ClInclude>
    <ClInclude Include="IocpManager.h">
      <Filter>Main</Filter>
    </ClInclude>
    <ClInclude Include="OverlappedIOContext.h">
      <Filter>Main</Filter>
    </ClInclude>
    <ClInclude Include="Session.h">
      <Filter>Main</Filter>
    </ClInclude>
    <ClInclude Include="WorkerThread.h">
      <Filter>Main</Filter>
    </ClInclude>
    <ClInclude Include="DummyClients.h">
      <Filter>Main</Filter>
    </ClInclude>
    <ClInclude Include="DummyClientSession.h">
      <Filter>Main</Filter>
    </ClInclude>
    <ClInclude Include="SessionManager.h">
      <Filter>Main</Filter>
    </ClInclude>
    <ClInclude Include="..\..\Protobuf\MyPacket.pb.h">
      <Filter>Protobuf</Filter>
    </ClInclude>
    <ClInclude Include="PacketInterface.h">
      <Filter>Main</Filter>
    </ClInclude>
  </ItemGroup>
  <ItemGroup>
    <ClCompile Include="stdafx.cpp">
      <Filter>Main</Filter>
    </ClCompile>
    <ClCompile Include="DummyClients.cpp">
      <Filter>Main</Filter>
    </ClCompile>
    <ClCompile Include="CircularBuffer.cpp">
      <Filter>Utils</Filter>
    </ClCompile>
    <ClCompile Include="Exception.cpp">
      <Filter>Utils</Filter>
    </ClCompile>
    <ClCompile Include="FastSpinlock.cpp">
      <Filter>Utils</Filter>
    </ClCompile>
    <ClCompile Include="Log.cpp">
      <Filter>Utils</Filter>
    </ClCompile>
    <ClCompile Include="ThreadLocal.cpp">
      <Filter>Utils</Filter>
    </ClCompile>
    <ClCompile Include="IocpManager.cpp">
      <Filter>Main</Filter>
    </ClCompile>
    <ClCompile Include="OverlappedIOContext.cpp">
      <Filter>Main</Filter>
    </ClCompile>
    <ClCompile Include="Session.cpp">
      <Filter>Main</Filter>
    </ClCompile>
    <ClCompile Include="WorkerThread.cpp">
      <Filter>Main</Filter>
    </ClCompile>
    <ClCompile Include="DummyClientSession.cpp">
      <Filter>Main</Filter>
    </ClCompile>
    <ClCompile Include="SessionManager.cpp">
      <Filter>Main</Filter>
    </ClCompile>
    <ClCompile Include="..\..\Protobuf\MyPacket.pb.cc">
      <Filter>Protobuf</Filter>
    </ClCompile>
    <ClCompile Include="PacketHandler.cpp">
      <Filter>Main</Filter>
    </ClCompile>
  </ItemGroup>
  <ItemGroup>
    <None Include="..\..\Protobuf\MyPacket.proto">
      <Filter>Protobuf</Filter>
    </None>
  </ItemGroup>
</Project>